--- 
dependencies: 
  tzinfo: 
    group: 
    - :default
    version: = 0.3.20
  ruby-debug: 
    group: 
    - :test
    version: = 0.10.3
  vlad-git: 
    group: 
    - :deploy
    version: = 2.1.0
  wowr: 
    group: 
    - :default
    version: ">= 0"
  rails: 
    group: 
    - :default
    version: ~> 2.3.8
  sqlite3-ruby: 
    group: 
    - :test
    version: ">= 0"
    require: 
    - sqlite3
  macaddr: 
    group: 
    - :default
    version: = 1.0.0
  ruby-openid: 
    group: 
    - :default
    version: = 2.1.7
    require: 
    - openid
  mysql: 
    group: 
    - :default
    version: = 2.8.1
  authlogic: 
    group: 
    - :default
    version: = 2.1.3
  rack-cache: 
    group: 
    - :development
    version: = 0.5.2
    require: 
    - rack/cache
  acts_as_state_machine: 
    group: 
    - :default
    version: = 2.2.0
  mechanize: 
    group: 
    - :default
    version: = 0.9.3
  uuid: 
    group: 
    - :default
    version: = 2.3.0
  newrelic_rpm: 
    group: 
    - :default
    version: ">= 0"
    require: []

  shoulda: 
    group: 
    - :test
    version: = 2.10.2
  resque: 
    group: 
    - :default
    version: = 1.8.5
  vlad: 
    group: 
    - :deploy
    version: = 2.0.0
  mocha: 
    group: 
    - :test
    version: = 0.9.8
  friendly_id: 
    group: 
    - :default
    version: ~> 2.3
  factory_girl: 
    group: 
    - :test
    version: = 1.2.3
  hoptoad_notifier: 
    group: 
    - :default
    version: ">= 0"
  rpx_now: 
    group: 
    - :default
    version: = 0.6.17
  i18n: 
    group: 
    - :default
    version: = 0.3.7
specs: 
- rake: 
    version: 0.8.7
- activesupport: 
    version: 2.3.8
- rack: 
    version: 1.1.0
- actionpack: 
    version: 2.3.8
- actionmailer: 
    version: 2.3.8
- activerecord: 
    version: 2.3.8
- activeresource: 
    version: 2.3.8
- acts_as_state_machine: 
    version: 2.2.0
- authlogic: 
    version: 2.1.3
- columnize: 
    version: 0.3.1
- factory_girl: 
    version: 1.2.3
- friendly_id: 
    version: 2.3.4
- hoptoad_notifier: 
    version: 2.2.2
- hpricot: 
    version: 0.8.1
- i18n: 
    version: 0.3.7
- json: 
    version: 1.4.3
- json_pure: 
    version: 1.4.3
- linecache: 
    version: "0.43"
- macaddr: 
    version: 1.0.0
- nokogiri: 
    version: 1.4.2
- mechanize: 
    version: 0.9.3
- mocha: 
    version: 0.9.8
- mysql: 
    version: 2.8.1
- newrelic_rpm: 
    version: 2.12.1
- open4: 
    version: 0.9.6
- rack-cache: 
    version: 0.5.2
- rails: 
    version: 2.3.8
- redis: 
    version: 1.0.7
- redis-namespace: 
    version: 0.4.4
- sinatra: 
    version: "1.0"
- vegas: 
    version: 0.1.7
- resque: 
    version: 1.8.5
- rpx_now: 
    version: 0.6.17
- ruby-debug-base: 
    version: 0.10.3
- ruby-debug: 
    version: 0.10.3
- ruby-openid: 
    version: 2.1.7
- shoulda: 
    version: 2.10.2
- sqlite3-ruby: 
    version: 1.2.5
- tzinfo: 
    version: 0.3.20
- uuid: 
    version: 2.3.0
- vlad: 
    version: 2.0.0
- vlad-git: 
    version: 2.1.0
- wowr: 
    version: 0.5.4
    source: 0
hash: 3668baa25783f13454e74d2d69a606952db5dd92
sources: 
- Git: 
    uri: http://github.com/scudco/wowr.git
    tag: v0.5.4
    git: http://github.com/scudco/wowr.git
    ref: 92b052abf0c5dba78d37b7cf5a7fed6eae559cdd
- Rubygems: 
    uri: http://gemcutter.org
- Rubygems: 
    uri: http://gems.github.com
