--- 
dependencies: 
  tzinfo: 
    group: 
    - :default
    version: = 0.3.20
  ruby-debug: 
    group: 
    - :test
    version: = 0.10.3
  vlad-git: 
    group: 
    - :deploy
    version: = 2.1.0
  rails: 
    group: 
    - :default
    version: = 2.3.8
  wowr: 
    group: 
    - :default
    version: ">= 0"
  sqlite3-ruby: 
    group: 
    - :test
    version: ">= 0"
    require: 
    - sqlite3
  ruby-openid: 
    group: 
    - :default
    version: = 2.1.7
    require: 
    - openid
  mysql: 
    group: 
    - :default
    version: = 2.8.1
  authlogic: 
    group: 
    - :default
    version: = 2.1.3
  macaddr: 
    group: 
    - :default
    version: = 1.0.0
  rack-cache: 
    group: 
    - :development
    version: = 0.5.2
    require: 
    - rack/cache
  newrelic_rpm: 
    group: 
    - :default
    version: ">= 0"
    require: []

  uuid: 
    group: 
    - :default
    version: = 2.3.0
  mechanize: 
    group: 
    - :default
    version: = 1.0.0
  acts_as_state_machine: 
    group: 
    - :default
    version: = 2.2.0
  shoulda: 
    group: 
    - :test
    version: = 2.10.2
  resque: 
    group: 
    - :default
    version: = 1.8.5
  resque-lock: 
    group: 
    - :default
    version: = 0.1.1
  vlad: 
    group: 
    - :deploy
    version: = 2.0.0
  mocha: 
    group: 
    - :test
    version: = 0.9.8
  will_paginate: 
    group: 
    - :default
    version: = 2.3.14
  friendly_id: 
    group: 
    - :default
    version: = 3.1.3
  sinatra: 
    group: 
    - :default
    version: ">= 0"
    require: []

  factory_girl: 
    group: 
    - :test
    version: = 1.2.3
  i18n: 
    group: 
    - :default
    version: = 0.3.7
  rpx_now: 
    group: 
    - :default
    version: = 0.6.17
  hoptoad_notifier: 
    group: 
    - :default
    version: ">= 0"
specs: 
- rake: 
    version: 0.8.7
- activesupport: 
    version: 2.3.8
- rack: 
    version: 1.1.0
- actionpack: 
    version: 2.3.8
- actionmailer: 
    version: 2.3.8
- activerecord: 
    version: 2.3.8
- activeresource: 
    version: 2.3.8
- acts_as_state_machine: 
    version: 2.2.0
- authlogic: 
    version: 2.1.3
- babosa: 
    version: 0.2.0
- columnize: 
    version: 0.3.1
- factory_girl: 
    version: 1.2.3
- friendly_id: 
    version: 3.1.3
- hoptoad_notifier: 
    version: 2.3.6
- hpricot: 
    version: 0.8.1
- i18n: 
    version: 0.3.7
- json: 
    version: 1.4.3
- json_pure: 
    version: 1.4.6
- linecache: 
    version: "0.43"
- macaddr: 
    version: 1.0.0
- nokogiri: 
    version: 1.4.3.1
- mechanize: 
    version: 1.0.0
- mocha: 
    version: 0.9.8
- mysql: 
    version: 2.8.1
- newrelic_rpm: 
    version: 2.13.1
- open4: 
    version: 0.9.6
- rack-cache: 
    version: 0.5.2
- rails: 
    version: 2.3.8
- redis: 
    version: 1.0.7
- redis-namespace: 
    version: 0.4.4
- sinatra: 
    version: "1.0"
- vegas: 
    version: 0.1.7
- resque: 
    version: 1.8.5
- resque-lock: 
    version: 0.1.1
- rpx_now: 
    version: 0.6.17
- ruby-debug-base: 
    version: 0.10.3
- ruby-debug: 
    version: 0.10.3
- ruby-openid: 
    version: 2.1.7
- shoulda: 
    version: 2.10.2
- sqlite3-ruby: 
    version: 1.3.1
- tzinfo: 
    version: 0.3.20
- uuid: 
    version: 2.3.0
- vlad: 
    version: 2.0.0
- vlad-git: 
    version: 2.1.0
- will_paginate: 
    version: 2.3.14
- wowr: 
    version: 0.5.4
    source: 0
hash: dc9b9f9d741e64a5657e3860324df207f62241fd
sources: 
- Git: 
    uri: http://github.com/gearmytoon/wowr.git
    tag: v0.5.7
    git: http://github.com/gearmytoon/wowr.git
    ref: 0b9dc5831ccc848e4d0f78913787ab1077539c8c
- Rubygems: 
    uri: http://gemcutter.org
